
Microsoft Visual Studio Solution File, Format Version 12.00
# Visual Studio Version 17
VisualStudioVersion = 17.5.002.0
MinimumVisualStudioVersion = 10.0.40219.1
Project("{9A19103F-16F7-4668-BE54-9A1E7A4F7556}") = "Sprint5Local", "Sprint5Local.csproj", "{365BA53B-BC90-4F49-8EB5-C453E0B8F86B}"
EndProject
Global
	GlobalSection(SolutionConfigurationPlatforms) = preSolution
		Debug|Any CPU = Debug|Any CPU
		Release|Any CPU = Release|Any CPU
	EndGlobalSection
	GlobalSection(ProjectConfigurationPlatforms) = postSolution
		{365BA53B-BC90-4F49-8EB5-C453E0B8F86B}.Debug|Any CPU.ActiveCfg = Debug|Any CPU
		{365BA53B-BC90-4F49-8EB5-C453E0B8F86B}.Debug|Any CPU.Build.0 = Debug|Any CPU
		{365BA53B-BC90-4F49-8EB5-C453E0B8F86B}.Release|Any CPU.ActiveCfg = Release|Any CPU
		{365BA53B-BC90-4F49-8EB5-C453E0B8F86B}.Release|Any CPU.Build.0 = Release|Any CPU
	EndGlobalSection
	GlobalSection(SolutionProperties) = preSolution
		HideSolutionNode = FALSE
	EndGlobalSection
	GlobalSection(ExtensibilityGlobals) = postSolution
		SolutionGuid = {AB4BA472-39CD-4A23-A24A-7D0745081D1C}
	EndGlobalSection
EndGlobal
